{
  "originHash" : "e5ff13c13f7cd1118b085f25e71edbd8248912a9cf07850bf8aab82555e76b5c",
  "pins" : [
    {
      "identity" : "wecontentextension",
      "kind" : "remoteSourceControl",
      "location" : "https://github.com/WebEngage/WEContentExtension",
      "state" : {
        "branch" : "master",
        "revision" : "297229a6c0efeb97644a0958956d8773b43ad333"
      }
    },
    {
      "identity" : "weserviceextension",
      "kind" : "remoteSourceControl",
      "location" : "https://github.com/WebEngage/WEServiceExtension.git",
      "state" : {
        "branch" : "master",
        "revision" : "5ad712df5eb4b1b4436a3563ff6ada85f8828140"
      }
    }
  ],
  "version" : 3
}
